# This file is automatically @generated by uv.
version = 1
requires-python = ">=3.10"

[[package]]
name = "fastapi"
version = "0.104.1"
source = { registry = "https://pypi.org/simple" }
requires-python = ">=3.8"

[[package]]
name = "uvicorn"
version = "0.24.0"
source = { registry = "https://pypi.org/simple" }

[[package]]
name = "pydantic"
version = "2.5.0"
source = { registry = "https://pypi.org/simple" }

[[package]]
name = "openenv-core"
version = "0.2.0"
source = { registry = "https://pypi.org/simple" }
